
Microsoft Visual Studio Solution File, Format Version 10.00
# Visual Studio 2008
Project("{8BC9CEB8-8B4A-11D0-8D11-00A0C91BC942}") = "chromium_loader_win", "chromium_loader_win\chromium_loader_win.vcproj", "{34EAA34E-7F3F-4534-9B12-FDD276F99D4E}"
	ProjectSection(ProjectDependencies) = postProject
		{A9D6DC71-C0DC-4549-AEA0-3B15B44E86A9} = {A9D6DC71-C0DC-4549-AEA0-3B15B44E86A9}
	EndProjectSection
EndProject
Project("{8BC9CEB8-8B4A-11D0-8D11-00A0C91BC942}") = "libcef_dll_wrapper", "libcef_dll_wrapper.vcproj", "{A9D6DC71-C0DC-4549-AEA0-3B15B44E86A9}"
EndProject
Global
	GlobalSection(SolutionConfigurationPlatforms) = preSolution
		Debug|Win32 = Debug|Win32
		Debug|x64 = Debug|x64
		Release|Win32 = Release|Win32
		Release|x64 = Release|x64
	EndGlobalSection
	GlobalSection(ProjectConfigurationPlatforms) = postSolution
		{34EAA34E-7F3F-4534-9B12-FDD276F99D4E}.Debug|Win32.ActiveCfg = Debug|Win32
		{34EAA34E-7F3F-4534-9B12-FDD276F99D4E}.Debug|Win32.Build.0 = Debug|Win32
		{34EAA34E-7F3F-4534-9B12-FDD276F99D4E}.Debug|x64.ActiveCfg = Debug|Win32
		{34EAA34E-7F3F-4534-9B12-FDD276F99D4E}.Release|Win32.ActiveCfg = Release|Win32
		{34EAA34E-7F3F-4534-9B12-FDD276F99D4E}.Release|Win32.Build.0 = Release|Win32
		{34EAA34E-7F3F-4534-9B12-FDD276F99D4E}.Release|x64.ActiveCfg = Release|Win32
		{A9D6DC71-C0DC-4549-AEA0-3B15B44E86A9}.Debug|Win32.ActiveCfg = Debug|Win32
		{A9D6DC71-C0DC-4549-AEA0-3B15B44E86A9}.Debug|Win32.Build.0 = Debug|Win32
		{A9D6DC71-C0DC-4549-AEA0-3B15B44E86A9}.Debug|x64.ActiveCfg = Debug|x64
		{A9D6DC71-C0DC-4549-AEA0-3B15B44E86A9}.Debug|x64.Build.0 = Debug|x64
		{A9D6DC71-C0DC-4549-AEA0-3B15B44E86A9}.Release|Win32.ActiveCfg = Release|Win32
		{A9D6DC71-C0DC-4549-AEA0-3B15B44E86A9}.Release|Win32.Build.0 = Release|Win32
		{A9D6DC71-C0DC-4549-AEA0-3B15B44E86A9}.Release|x64.ActiveCfg = Release|x64
		{A9D6DC71-C0DC-4549-AEA0-3B15B44E86A9}.Release|x64.Build.0 = Release|x64
	EndGlobalSection
	GlobalSection(SolutionProperties) = preSolution
		HideSolutionNode = FALSE
	EndGlobalSection
EndGlobal
